
Microsoft Visual Studio Solution File, Format Version 12.00
# Visual Studio Version 17
VisualStudioVersion = 17.3.32819.101
MinimumVisualStudioVersion = 10.0.40219.1
Project("{8BC9CEB8-8B4A-11D0-8D11-00A0C91BC942}") = "serialization_binary_library", "serialization_binary_library.vcxproj", "{8F7D893C-9297-4A5A-9639-A4B2D0A309FE}"
EndProject
Global
	GlobalSection(SolutionConfigurationPlatforms) = preSolution
		Debug|x64 = Debug|x64
		Debug|x86 = Debug|x86
		Release|x64 = Release|x64
		Release|x86 = Release|x86
	EndGlobalSection
	GlobalSection(ProjectConfigurationPlatforms) = postSolution
		{8F7D893C-9297-4A5A-9639-A4B2D0A309FE}.Debug|x64.ActiveCfg = Debug|x64
		{8F7D893C-9297-4A5A-9639-A4B2D0A309FE}.Debug|x64.Build.0 = Debug|x64
		{8F7D893C-9297-4A5A-9639-A4B2D0A309FE}.Debug|x86.ActiveCfg = Debug|Win32
		{8F7D893C-9297-4A5A-9639-A4B2D0A309FE}.Debug|x86.Build.0 = Debug|Win32
		{8F7D893C-9297-4A5A-9639-A4B2D0A309FE}.Release|x64.ActiveCfg = Release|x64
		{8F7D893C-9297-4A5A-9639-A4B2D0A309FE}.Release|x64.Build.0 = Release|x64
		{8F7D893C-9297-4A5A-9639-A4B2D0A309FE}.Release|x86.ActiveCfg = Release|Win32
		{8F7D893C-9297-4A5A-9639-A4B2D0A309FE}.Release|x86.Build.0 = Release|Win32
	EndGlobalSection
	GlobalSection(SolutionProperties) = preSolution
		HideSolutionNode = FALSE
	EndGlobalSection
	GlobalSection(ExtensibilityGlobals) = postSolution
		SolutionGuid = {CA0F58BB-A037-4E67-988B-7F3ACBD2A636}
	EndGlobalSection
EndGlobal
